{
  "requires": true,
  "lockfileVersion": 1,
  "dependencies": {
    "terminus-relaxed-theme": {
      "version": "1.0.0",
      "resolved": "https://registry.npmjs.org/terminus-relaxed-theme/-/terminus-relaxed-theme-1.0.0.tgz",
      "integrity": "sha512-LFtxJb9NzwLnRaM6234oiO9BkRWNCB5P5qV3f/w3k7ifQkvKDOmK5iz3go6/yv2YWDIaNz/XiYLOWmWMO0+iVQ=="
    }
  }
}
